// !$*UTF8*$!
{
	archiveVersion = 1;
	classes = {
	};
	objectVersion = 46;
	objects = {

/* Begin PBXBuildFile section */
		504E991A1C9BBCB10082E5C0 /* AppDelegate.swift in Sources */ = {isa = PBXBuildFile; fileRef = 504E99191C9BBCB10082E5C0 /* AppDelegate.swift */; };
		504E991C1C9BBCB10082E5C0 /* ViewController.swift in Sources */ = {isa = PBXBuildFile; fileRef = 504E991B1C9BBCB10082E5C0 /* ViewController.swift */; };
		504E991F1C9BBCB10082E5C0 /* Main.storyboard in Resources */ = {isa = PBXBuildFile; fileRef = 504E991D1C9BBCB10082E5C0 /* Main.storyboard */; };
		504E99211C9BBCB10082E5C0 /* Images.xcassets in Resources */ = {isa = PBXBuildFile; fileRef = 504E99201C9BBCB10082E5C0 /* Images.xcassets */; };
		504E99241C9BBCB10082E5C0 /* LaunchScreen.xib in Resources */ = {isa = PBXBuildFile; fileRef = 504E99221C9BBCB10082E5C0 /* LaunchScreen.xib */; };
		504E99301C9BBCB10082E5C0 /* HomeKitPracticeTests.swift in Sources */ = {isa = PBXBuildFile; fileRef = 504E992F1C9BBCB10082E5C0 /* HomeKitPracticeTests.swift */; };
/* End PBXBuildFile section */

/* Begin PBXContainerItemProxy section */
		504E992A1C9BBCB10082E5C0 /* PBXContainerItemProxy */ = {
			isa = PBXContainerItemProxy;
			containerPortal = 504E990C1C9BBCB00082E5C0 /* Project object */;
			proxyType = 1;
			remoteGlobalIDString = 504E99131C9BBCB10082E5C0;
			remoteInfo = HomeKitPractice;
		};
/* End PBXContainerItemProxy section */

/* Begin PBXFileReference section */
		504E99141C9BBCB10082E5C0 /* HomeKitPractice.app */ = {isa = PBXFileReference; explicitFileType = wrapper.application; includeInIndex = 0; path = HomeKitPractice.app; sourceTree = BUILT_PRODUCTS_DIR; };
		504E99181C9BBCB10082E5C0 /* Info.plist */ = {isa = PBXFileReference; lastKnownFileType = text.plist.xml; path = Info.plist; sourceTree = "<group>"; };
		504E99191C9BBCB10082E5C0 /* AppDelegate.swift */ = {isa = PBXFileReference; lastKnownFileType = sourcecode.swift; path = AppDelegate.swift; sourceTree = "<group>"; };
		504E991B1C9BBCB10082E5C0 /* ViewController.swift */ = {isa = PBXFileReference; lastKnownFileType = sourcecode.swift; path = ViewController.swift; sourceTree = "<group>"; };
		504E991E1C9BBCB10082E5C0 /* Base */ = {isa = PBXFileReference; lastKnownFileType = file.storyboard; name = Base; path = Base.lproj/Main.storyboard; sourceTree = "<group>"; };
		504E99201C9BBCB10082E5C0 /* Images.xcassets */ = {isa = PBXFileReference; lastKnownFileType = folder.assetcatalog; path = Images.xcassets; sourceTree = "<group>"; };
		504E99231C9BBCB10082E5C0 /* Base */ = {isa = PBXFileReference; lastKnownFileType = file.xib; name = Base; path = Base.lproj/LaunchScreen.xib; sourceTree = "<group>"; };
		504E99291C9BBCB10082E5C0 /* HomeKitPracticeTests.xctest */ = {isa = PBXFileReference; explicitFileType = wrapper.cfbundle; includeInIndex = 0; path = HomeKitPracticeTests.xctest; sourceTree = BUILT_PRODUCTS_DIR; };
		504E992E1C9BBCB10082E5C0 /* Info.plist */ = {isa = PBXFileReference; lastKnownFileType = text.plist.xml; path = Info.plist; sourceTree = "<group>"; };
		504E992F1C9BBCB10082E5C0 /* HomeKitPracticeTests.swift */ = {isa = PBXFileReference; lastKnownFileType = sourcecode.swift; path = HomeKitPracticeTests.swift; sourceTree = "<group>"; };
/* End PBXFileReference section */

/* Begin PBXFrameworksBuildPhase section */
		504E99111C9BBCB10082E5C0 /* Frameworks */ = {
			isa = PBXFrameworksBuildPhase;
			buildActionMask = 2147483647;
			files = (
			);
			runOnlyForDeploymentPostprocessing = 0;
		};
		504E99261C9BBCB10082E5C0 /* Frameworks */ = {
			isa = PBXFrameworksBuildPhase;
			buildActionMask = 2147483647;
			files = (
			);
			runOnlyForDeploymentPostprocessing = 0;
		};
/* End PBXFrameworksBuildPhase section */

/* Begin PBXGroup section */
		504E990B1C9BBCB00082E5C0 = {
			isa = PBXGroup;
			children = (
				504E99161C9BBCB10082E5C0 /* HomeKitPractice */,
				504E992C1C9BBCB10082E5C0 /* HomeKitPracticeTests */,
				504E99151C9BBCB10082E5C0 /* Products */,
			);
			sourceTree = "<group>";
		};
		504E99151C9BBCB10082E5C0 /* Products */ = {
			isa = PBXGroup;
			children = (
				504E99141C9BBCB10082E5C0 /* HomeKitPractice.app */,
				504E99291C9BBCB10082E5C0 /* HomeKitPracticeTests.xctest */,
			);
			name = Products;
			sourceTree = "<group>";
		};
		504E99161C9BBCB10082E5C0 /* HomeKitPractice */ = {
			isa = PBXGroup;
			children = (
				504E99191C9BBCB10082E5C0 /* AppDelegate.swift */,
				504E991B1C9BBCB10082E5C0 /* ViewController.swift */,
				504E991D1C9BBCB10082E5C0 /* Main.storyboard */,
				504E99201C9BBCB10082E5C0 /* Images.xcassets */,
				504E99221C9BBCB10082E5C0 /* LaunchScreen.xib */,
				504E99171C9BBCB10082E5C0 /* Supporting Files */,
			);
			path = HomeKitPractice;
			sourceTree = "<group>";
		};
		504E99171C9BBCB10082E5C0 /* Supporting Files */ = {
			isa = PBXGroup;
			children = (
				504E99181C9BBCB10082E5C0 /* Info.plist */,
			);
			name = "Supporting Files";
			sourceTree = "<group>";
		};
		504E992C1C9BBCB10082E5C0 /* HomeKitPracticeTests */ = {
			isa = PBXGroup;
			children = (
				504E992F1C9BBCB10082E5C0 /* HomeKitPracticeTests.swift */,
				504E992D1C9BBCB10082E5C0 /* Supporting Files */,
			);
			path = HomeKitPracticeTests;
			sourceTree = "<group>";
		};
		504E992D1C9BBCB10082E5C0 /* Supporting Files */ = {
			isa = PBXGroup;
			children = (
				504E992E1C9BBCB10082E5C0 /* Info.plist */,
			);
			name = "Supporting Files";
			sourceTree = "<group>";
		};
/* End PBXGroup section */

/* Begin PBXNativeTarget section */
		504E99131C9BBCB10082E5C0 /* HomeKitPractice */ = {
			isa = PBXNativeTarget;
			buildConfigurationList = 504E99331C9BBCB10082E5C0 /* Build configuration list for PBXNativeTarget "HomeKitPractice" */;
			buildPhases = (
				504E99101C9BBCB10082E5C0 /* Sources */,
				504E99111C9BBCB10082E5C0 /* Frameworks */,
				504E99121C9BBCB10082E5C0 /* Resources */,
			);
			buildRules = (
			);
			dependencies = (
			);
			name = HomeKitPractice;
			productName = HomeKitPractice;
			productReference = 504E99141C9BBCB10082E5C0 /* HomeKitPractice.app */;
			productType = "com.apple.product-type.application";
		};
		504E99281C9BBCB10082E5C0 /* HomeKitPracticeTests */ = {
			isa = PBXNativeTarget;
			buildConfigurationList = 504E99361C9BBCB10082E5C0 /* Build configuration list for PBXNativeTarget "HomeKitPracticeTests" */;
			buildPhases = (
				504E99251C9BBCB10082E5C0 /* Sources */,
				504E99261C9BBCB10082E5C0 /* Frameworks */,
				504E99271C9BBCB10082E5C0 /* Resources */,
			);
			buildRules = (
			);
			dependencies = (
				504E992B1C9BBCB10082E5C0 /* PBXTargetDependency */,
			);
			name = HomeKitPracticeTests;
			productName = HomeKitPracticeTests;
			productReference = 504E99291C9BBCB10082E5C0 /* HomeKitPracticeTests.xctest */;
			productType = "com.apple.product-type.bundle.unit-test";
		};
/* End PBXNativeTarget section */

/* Begin PBXProject section */
		504E990C1C9BBCB00082E5C0 /* Project object */ = {
			isa = PBXProject;
			attributes = {
				LastUpgradeCheck = 0610;
				ORGANIZATIONNAME = Enclave;
				TargetAttributes = {
					504E99131C9BBCB10082E5C0 = {
						CreatedOnToolsVersion = 6.1;
					};
					504E99281C9BBCB10082E5C0 = {
						CreatedOnToolsVersion = 6.1;
						TestTargetID = 504E99131C9BBCB10082E5C0;
					};
				};
			};
			buildConfigurationList = 504E990F1C9BBCB00082E5C0 /* Build configuration list for PBXProject "HomeKitPractice" */;
			compatibilityVersion = "Xcode 3.2";
			developmentRegion = English;
			hasScannedForEncodings = 0;
			knownRegions = (
				en,
				Base,
			);
			mainGroup = 504E990B1C9BBCB00082E5C0;
			productRefGroup = 504E99151C9BBCB10082E5C0 /* Products */;
			projectDirPath = "";
			projectRoot = "";
			targets = (
				504E99131C9BBCB10082E5C0 /* HomeKitPractice */,
				504E99281C9BBCB10082E5C0 /* HomeKitPracticeTests */,
			);
		};
/* End PBXProject section */

/* Begin PBXResourcesBuildPhase section */
		504E99121C9BBCB10082E5C0 /* Resources */ = {
			isa = PBXResourcesBuildPhase;
			buildActionMask = 2147483647;
			files = (
				504E991F1C9BBCB10082E5C0 /* Main.storyboard in Resources */,
				504E99241C9BBCB10082E5C0 /* LaunchScreen.xib in Resources */,
				504E99211C9BBCB10082E5C0 /* Images.xcassets in Resources */,
			);
			runOnlyForDeploymentPostprocessing = 0;
		};
		504E99271C9BBCB10082E5C0 /* Resources */ = {
			isa = PBXResourcesBuildPhase;
			buildActionMask = 2147483647;
			files = (
			);
			runOnlyForDeploymentPostprocessing = 0;
		};
/* End PBXResourcesBuildPhase section */

/* Begin PBXSourcesBuildPhase section */
		504E99101C9BBCB10082E5C0 /* Sources */ = {
			isa = PBXSourcesBuildPhase;
			buildActionMask = 2147483647;
			files = (
				504E991C1C9BBCB10082E5C0 /* ViewController.swift in Sources */,
				504E991A1C9BBCB10082E5C0 /* AppDelegate.swift in Sources */,
			);
			runOnlyForDeploymentPostprocessing = 0;
		};
		504E99251C9BBCB10082E5C0 /* Sources */ = {
			isa = PBXSourcesBuildPhase;
			buildActionMask = 2147483647;
			files = (
				504E99301C9BBCB10082E5C0 /* HomeKitPracticeTests.swift in Sources */,
			);
			runOnlyForDeploymentPostprocessing = 0;
		};
/* End PBXSourcesBuildPhase section */

/* Begin PBXTargetDependency section */
		504E992B1C9BBCB10082E5C0 /* PBXTargetDependency */ = {
			isa = PBXTargetDependency;
			target = 504E99131C9BBCB10082E5C0 /* HomeKitPractice */;
			targetProxy = 504E992A1C9BBCB10082E5C0 /* PBXContainerItemProxy */;
		};
/* End PBXTargetDependency section */

/* Begin PBXVariantGroup section */
		504E991D1C9BBCB10082E5C0 /* Main.storyboard */ = {
			isa = PBXVariantGroup;
			children = (
				504E991E1C9BBCB10082E5C0 /* Base */,
			);
			name = Main.storyboard;
			sourceTree = "<group>";
		};
		504E99221C9BBCB10082E5C0 /* LaunchScreen.xib */ = {
			isa = PBXVariantGroup;
			children = (
				504E99231C9BBCB10082E5C0 /* Base */,
			);
			name = LaunchScreen.xib;
			sourceTree = "<group>";
		};
/* End PBXVariantGroup section */

/* Begin XCBuildConfiguration section */
		504E99311C9BBCB10082E5C0 /* Debug */ = {
			isa = XCBuildConfiguration;
			buildSettings = {
				ALWAYS_SEARCH_USER_PATHS = NO;
				CLANG_CXX_LANGUAGE_STANDARD = "gnu++0x";
				CLANG_CXX_LIBRARY = "libc++";
				CLANG_ENABLE_MODULES = YES;
				CLANG_ENABLE_OBJC_ARC = YES;
				CLANG_WARN_BOOL_CONVERSION = YES;
				CLANG_WARN_CONSTANT_CONVERSION = YES;
				CLANG_WARN_DIRECT_OBJC_ISA_USAGE = YES_ERROR;
				CLANG_WARN_EMPTY_BODY = YES;
				CLANG_WARN_ENUM_CONVERSION = YES;
				CLANG_WARN_INT_CONVERSION = YES;
				CLANG_WARN_OBJC_ROOT_CLASS = YES_ERROR;
				CLANG_WARN_UNREACHABLE_CODE = YES;
				CLANG_WARN__DUPLICATE_METHOD_MATCH = YES;
				"CODE_SIGN_IDENTITY[sdk=iphoneos*]" = "iPhone Developer";
				COPY_PHASE_STRIP = NO;
				ENABLE_STRICT_OBJC_MSGSEND = YES;
				GCC_C_LANGUAGE_STANDARD = gnu99;
				GCC_DYNAMIC_NO_PIC = NO;
				GCC_OPTIMIZATION_LEVEL = 0;
				GCC_PREPROCESSOR_DEFINITIONS = (
					"DEBUG=1",
					"$(inherited)",
				);
				GCC_SYMBOLS_PRIVATE_EXTERN = NO;
				GCC_WARN_64_TO_32_BIT_CONVERSION = YES;
				GCC_WARN_ABOUT_RETURN_TYPE = YES_ERROR;
				GCC_WARN_UNDECLARED_SELECTOR = YES;
				GCC_WARN_UNINITIALIZED_AUTOS = YES_AGGRESSIVE;
				GCC_WARN_UNUSED_FUNCTION = YES;
				GCC_WARN_UNUSED_VARIABLE = YES;
				IPHONEOS_DEPLOYMENT_TARGET = 8.1;
				MTL_ENABLE_DEBUG_INFO = YES;
				ONLY_ACTIVE_ARCH = YES;
				SDKROOT = iphoneos;
				SWIFT_OPTIMIZATION_LEVEL = "-Onone";
			};
			name = Debug;
		};
		504E99321C9BBCB10082E5C0 /* Release */ = {
			isa = XCBuildConfiguration;
			buildSettings = {
				ALWAYS_SEARCH_USER_PATHS = NO;
				CLANG_CXX_LANGUAGE_STANDARD = "gnu++0x";
				CLANG_CXX_LIBRARY = "libc++";
				CLANG_ENABLE_MODULES = YES;
				CLANG_ENABLE_OBJC_ARC = YES;
				CLANG_WARN_BOOL_CONVERSION = YES;
				CLANG_WARN_CONSTANT_CONVERSION = YES;
				CLANG_WARN_DIRECT_OBJC_ISA_USAGE = YES_ERROR;
				CLANG_WARN_EMPTY_BODY = YES;
				CLANG_WARN_ENUM_CONVERSION = YES;
				CLANG_WARN_INT_CONVERSION = YES;
				CLANG_WARN_OBJC_ROOT_CLASS = YES_ERROR;
				CLANG_WARN_UNREACHABLE_CODE = YES;
				CLANG_WARN__DUPLICATE_METHOD_MATCH = YES;
				"CODE_SIGN_IDENTITY[sdk=iphoneos*]" = "iPhone Developer";
				COPY_PHASE_STRIP = YES;
				ENABLE_NS_ASSERTIONS = NO;
				ENABLE_STRICT_OBJC_MSGSEND = YES;
				GCC_C_LANGUAGE_STANDARD = gnu99;
				GCC_WARN_64_TO_32_BIT_CONVERSION = YES;
				GCC_WARN_ABOUT_RETURN_TYPE = YES_ERROR;
				GCC_WARN_UNDECLARED_SELECTOR = YES;
				GCC_WARN_UNINITIALIZED_AUTOS = YES_AGGRESSIVE;
				GCC_WARN_UNUSED_FUNCTION = YES;
				GCC_WARN_UNUSED_VARIABLE = YES;
				IPHONEOS_DEPLOYMENT_TARGET = 8.1;
				MTL_ENABLE_DEBUG_INFO = NO;
				SDKROOT = iphoneos;
				VALIDATE_PRODUCT = YES;
			};
			name = Release;
		};
		504E99341C9BBCB10082E5C0 /* Debug */ = {
			isa = XCBuildConfiguration;
			buildSettings = {
				ASSETCATALOG_COMPILER_APPICON_NAME = AppIcon;
				INFOPLIST_FILE = HomeKitPractice/Info.plist;
				LD_RUNPATH_SEARCH_PATHS = "$(inherited) @executable_path/Frameworks";
				PRODUCT_NAME = "$(TARGET_NAME)";
			};
			name = Debug;
		};
		504E99351C9BBCB10082E5C0 /* Release */ = {
			isa = XCBuildConfiguration;
			buildSettings = {
				ASSETCATALOG_COMPILER_APPICON_NAME = AppIcon;
				INFOPLIST_FILE = HomeKitPractice/Info.plist;
				LD_RUNPATH_SEARCH_PATHS = "$(inherited) @executable_path/Frameworks";
				PRODUCT_NAME = "$(TARGET_NAME)";
			};
			name = Release;
		};
		504E99371C9BBCB10082E5C0 /* Debug */ = {
			isa = XCBuildConfiguration;
			buildSettings = {
				BUNDLE_LOADER = "$(TEST_HOST)";
				FRAMEWORK_SEARCH_PATHS = (
					"$(SDKROOT)/Developer/Library/Frameworks",
					"$(inherited)",
				);
				GCC_PREPROCESSOR_DEFINITIONS = (
					"DEBUG=1",
					"$(inherited)",
				);
				INFOPLIST_FILE = HomeKitPracticeTests/Info.plist;
				LD_RUNPATH_SEARCH_PATHS = "$(inherited) @executable_path/Frameworks @loader_path/Frameworks";
				PRODUCT_NAME = "$(TARGET_NAME)";
				TEST_HOST = "$(BUILT_PRODUCTS_DIR)/HomeKitPractice.app/HomeKitPractice";
			};
			name = Debug;
		};
		504E99381C9BBCB10082E5C0 /* Release */ = {
			isa = XCBuildConfiguration;
			buildSettings = {
				BUNDLE_LOADER = "$(TEST_HOST)";
				FRAMEWORK_SEARCH_PATHS = (
					"$(SDKROOT)/Developer/Library/Frameworks",
					"$(inherited)",
				);
				INFOPLIST_FILE = HomeKitPracticeTests/Info.plist;
				LD_RUNPATH_SEARCH_PATHS = "$(inherited) @executable_path/Frameworks @loader_path/Frameworks";
				PRODUCT_NAME = "$(TARGET_NAME)";
				TEST_HOST = "$(BUILT_PRODUCTS_DIR)/HomeKitPractice.app/HomeKitPractice";
			};
			name = Release;
		};
/* End XCBuildConfiguration section */

/* Begin XCConfigurationList section */
		504E990F1C9BBCB00082E5C0 /* Build configuration list for PBXProject "HomeKitPractice" */ = {
			isa = XCConfigurationList;
			buildConfigurations = (
				504E99311C9BBCB10082E5C0 /* Debug */,
				504E99321C9BBCB10082E5C0 /* Release */,
			);
			defaultConfigurationIsVisible = 0;
			defaultConfigurationName = Release;
		};
		504E99331C9BBCB10082E5C0 /* Build configuration list for PBXNativeTarget "HomeKitPractice" */ = {
			isa = XCConfigurationList;
			buildConfigurations = (
				504E99341C9BBCB10082E5C0 /* Debug */,
				504E99351C9BBCB10082E5C0 /* Release */,
			);
			defaultConfigurationIsVisible = 0;
		};
		504E99361C9BBCB10082E5C0 /* Build configuration list for PBXNativeTarget "HomeKitPracticeTests" */ = {
			isa = XCConfigurationList;
			buildConfigurations = (
				504E99371C9BBCB10082E5C0 /* Debug */,
				504E99381C9BBCB10082E5C0 /* Release */,
			);
			defaultConfigurationIsVisible = 0;
		};
/* End XCConfigurationList section */
	};
	rootObject = 504E990C1C9BBCB00082E5C0 /* Project object */;
}
